
Microsoft Visual Studio Solution File, Format Version 12.00
# Visual Studio 14
VisualStudioVersion = 14.0.25123.0
MinimumVisualStudioVersion = 10.0.40219.1
Project("{FAE04EC0-301F-11D3-BF4B-00C04F79EFBC}") = "eHPS.Contract", "eHPS.Contract\eHPS.Contract.csproj", "{9E359AF3-A016-4472-B7A1-95A2A9A1CA5E}"
EndProject
Project("{2150E333-8FDC-42A3-9474-1A3956D46DE8}") = "0-Modeling and Design", "0-Modeling and Design", "{7CCA57E4-A320-4A87-B6F5-0F80D6CA712A}"
EndProject
Project("{2150E333-8FDC-42A3-9474-1A3956D46DE8}") = "1-Layers", "1-Layers", "{A3ED8289-446B-4C8C-9788-B5859A886533}"
EndProject
Project("{2150E333-8FDC-42A3-9474-1A3956D46DE8}") = "Solution Items", "Solution Items", "{547C5B08-F7B3-4D86-B26B-1665BEF96D40}"
EndProject
Project("{2150E333-8FDC-42A3-9474-1A3956D46DE8}") = "1.2 Service Contract", "1.2 Service Contract", "{29AA3994-8998-4709-BEF2-EE2531D61495}"
EndProject
Project("{2150E333-8FDC-42A3-9474-1A3956D46DE8}") = "1.1 Common Component", "1.1 Common Component", "{9816B181-C431-481C-BAF6-18F080974961}"
EndProject
Project("{2150E333-8FDC-42A3-9474-1A3956D46DE8}") = "1.3 Distributed Service", "1.3 Distributed Service", "{B7627750-BAF8-42E0-9832-9AF2E069E2DA}"
EndProject
Project("{2150E333-8FDC-42A3-9474-1A3956D46DE8}") = "1.4 Service Provider", "1.4 Service Provider", "{9D77536F-7419-4A62-B687-970850CBF0AB}"
EndProject
Project("{FAE04EC0-301F-11D3-BF4B-00C04F79EFBC}") = "eHPS.API", "eHPS.API\eHPS.API.csproj", "{25F1077C-1658-4A36-9987-36C7473717BD}"
EndProject
Project("{FAE04EC0-301F-11D3-BF4B-00C04F79EFBC}") = "eHPS.WYServiceImplement", "eHPS.WYServiceImplement\eHPS.WYServiceImplement.csproj", "{DE3E3252-9409-47DE-9A58-D309FD25B9F1}"
EndProject
Project("{2150E333-8FDC-42A3-9474-1A3956D46DE8}") = "1.6 CQRS.Framework", "1.6 CQRS.Framework", "{FFA64584-7E96-46D0-8AAE-113889ED8D07}"
EndProject
Project("{FAE04EC0-301F-11D3-BF4B-00C04F79EFBC}") = "eHPS.CQRS.Framework", "eHPS.CQRS.Framework\eHPS.CQRS.Framework.csproj", "{69CCBD4E-A110-4350-A7B2-5F345E15FC93}"
EndProject
Project("{FAE04EC0-301F-11D3-BF4B-00C04F79EFBC}") = "eHPS.Common", "eHPS.Common\eHPS.Common.csproj", "{CE4BE0A7-5E4C-42FE-814C-7899CD060269}"
EndProject
Project("{FAE04EC0-301F-11D3-BF4B-00C04F79EFBC}") = "eHPS.API.Test", "eHPS.API.Test\eHPS.API.Test.csproj", "{A8AE4B11-7624-476F-A466-4B92F157B7BE}"
EndProject
Project("{2150E333-8FDC-42A3-9474-1A3956D46DE8}") = "1.5 Infrastructure", "1.5 Infrastructure", "{BB1521DA-661B-4EDE-8EF0-AE320F8E0E0B}"
EndProject
Project("{2150E333-8FDC-42A3-9474-1A3956D46DE8}") = "1.5.1 CrossCutting", "1.5.1 CrossCutting", "{4F8BF022-A307-41F9-8AEE-E9A723377D4D}"
EndProject
Project("{FAE04EC0-301F-11D3-BF4B-00C04F79EFBC}") = "eHPS.CrossCutting", "eHPS.CrossCutting\eHPS.CrossCutting.csproj", "{FB293042-DA3D-4686-8790-444CF57C3E08}"
EndProject
Project("{FAE04EC0-301F-11D3-BF4B-00C04F79EFBC}") = "eHPS.CrossCutting.NetFramework", "eHPS.CrossCutting.NetFramework\eHPS.CrossCutting.NetFramework.csproj", "{98C37512-386B-49FE-A2CE-51980ECE5D2A}"
EndProject
Project("{FAE04EC0-301F-11D3-BF4B-00C04F79EFBC}") = "eHPS.ImplementTest", "eHPS.ImplementTest\eHPS.ImplementTest.csproj", "{94219F68-18F9-4E60-9D50-AEB2F3547493}"
EndProject
Project("{2150E333-8FDC-42A3-9474-1A3956D46DE8}") = "1.7 Background Service", "1.7 Background Service", "{D48AFEF0-F74F-4D34-81F3-33A9F988DF1B}"
EndProject
Project("{FAE04EC0-301F-11D3-BF4B-00C04F79EFBC}") = "eHPS.BackgroundService", "eHPS.BackgroundService\eHPS.BackgroundService.csproj", "{DDE4159E-C93A-4578-B868-52C57F1DFFDA}"
EndProject
Project("{FAE04EC0-301F-11D3-BF4B-00C04F79EFBC}") = "eHPS.MessageQueueContract", "eHPS.MessageQueueContract\eHPS.MessageQueueContract.csproj", "{376FA670-CACD-453B-BCC6-553156D05036}"
EndProject
Global
	GlobalSection(SolutionConfigurationPlatforms) = preSolution
		Debug|Any CPU = Debug|Any CPU
		Release|Any CPU = Release|Any CPU
	EndGlobalSection
	GlobalSection(ProjectConfigurationPlatforms) = postSolution
		{9E359AF3-A016-4472-B7A1-95A2A9A1CA5E}.Debug|Any CPU.ActiveCfg = Debug|Any CPU
		{9E359AF3-A016-4472-B7A1-95A2A9A1CA5E}.Debug|Any CPU.Build.0 = Debug|Any CPU
		{9E359AF3-A016-4472-B7A1-95A2A9A1CA5E}.Release|Any CPU.ActiveCfg = Release|Any CPU
		{9E359AF3-A016-4472-B7A1-95A2A9A1CA5E}.Release|Any CPU.Build.0 = Release|Any CPU
		{25F1077C-1658-4A36-9987-36C7473717BD}.Debug|Any CPU.ActiveCfg = Debug|Any CPU
		{25F1077C-1658-4A36-9987-36C7473717BD}.Debug|Any CPU.Build.0 = Debug|Any CPU
		{25F1077C-1658-4A36-9987-36C7473717BD}.Release|Any CPU.ActiveCfg = Release|Any CPU
		{25F1077C-1658-4A36-9987-36C7473717BD}.Release|Any CPU.Build.0 = Release|Any CPU
		{DE3E3252-9409-47DE-9A58-D309FD25B9F1}.Debug|Any CPU.ActiveCfg = Debug|Any CPU
		{DE3E3252-9409-47DE-9A58-D309FD25B9F1}.Debug|Any CPU.Build.0 = Debug|Any CPU
		{DE3E3252-9409-47DE-9A58-D309FD25B9F1}.Release|Any CPU.ActiveCfg = Release|Any CPU
		{DE3E3252-9409-47DE-9A58-D309FD25B9F1}.Release|Any CPU.Build.0 = Release|Any CPU
		{69CCBD4E-A110-4350-A7B2-5F345E15FC93}.Debug|Any CPU.ActiveCfg = Debug|Any CPU
		{69CCBD4E-A110-4350-A7B2-5F345E15FC93}.Debug|Any CPU.Build.0 = Debug|Any CPU
		{69CCBD4E-A110-4350-A7B2-5F345E15FC93}.Release|Any CPU.ActiveCfg = Release|Any CPU
		{69CCBD4E-A110-4350-A7B2-5F345E15FC93}.Release|Any CPU.Build.0 = Release|Any CPU
		{CE4BE0A7-5E4C-42FE-814C-7899CD060269}.Debug|Any CPU.ActiveCfg = Debug|Any CPU
		{CE4BE0A7-5E4C-42FE-814C-7899CD060269}.Debug|Any CPU.Build.0 = Debug|Any CPU
		{CE4BE0A7-5E4C-42FE-814C-7899CD060269}.Release|Any CPU.ActiveCfg = Release|Any CPU
		{CE4BE0A7-5E4C-42FE-814C-7899CD060269}.Release|Any CPU.Build.0 = Release|Any CPU
		{A8AE4B11-7624-476F-A466-4B92F157B7BE}.Debug|Any CPU.ActiveCfg = Debug|Any CPU
		{A8AE4B11-7624-476F-A466-4B92F157B7BE}.Debug|Any CPU.Build.0 = Debug|Any CPU
		{A8AE4B11-7624-476F-A466-4B92F157B7BE}.Release|Any CPU.ActiveCfg = Release|Any CPU
		{A8AE4B11-7624-476F-A466-4B92F157B7BE}.Release|Any CPU.Build.0 = Release|Any CPU
		{FB293042-DA3D-4686-8790-444CF57C3E08}.Debug|Any CPU.ActiveCfg = Debug|Any CPU
		{FB293042-DA3D-4686-8790-444CF57C3E08}.Debug|Any CPU.Build.0 = Debug|Any CPU
		{FB293042-DA3D-4686-8790-444CF57C3E08}.Release|Any CPU.ActiveCfg = Release|Any CPU
		{FB293042-DA3D-4686-8790-444CF57C3E08}.Release|Any CPU.Build.0 = Release|Any CPU
		{98C37512-386B-49FE-A2CE-51980ECE5D2A}.Debug|Any CPU.ActiveCfg = Debug|Any CPU
		{98C37512-386B-49FE-A2CE-51980ECE5D2A}.Debug|Any CPU.Build.0 = Debug|Any CPU
		{98C37512-386B-49FE-A2CE-51980ECE5D2A}.Release|Any CPU.ActiveCfg = Release|Any CPU
		{98C37512-386B-49FE-A2CE-51980ECE5D2A}.Release|Any CPU.Build.0 = Release|Any CPU
		{94219F68-18F9-4E60-9D50-AEB2F3547493}.Debug|Any CPU.ActiveCfg = Debug|Any CPU
		{94219F68-18F9-4E60-9D50-AEB2F3547493}.Debug|Any CPU.Build.0 = Debug|Any CPU
		{94219F68-18F9-4E60-9D50-AEB2F3547493}.Release|Any CPU.ActiveCfg = Release|Any CPU
		{94219F68-18F9-4E60-9D50-AEB2F3547493}.Release|Any CPU.Build.0 = Release|Any CPU
		{DDE4159E-C93A-4578-B868-52C57F1DFFDA}.Debug|Any CPU.ActiveCfg = Debug|Any CPU
		{DDE4159E-C93A-4578-B868-52C57F1DFFDA}.Debug|Any CPU.Build.0 = Debug|Any CPU
		{DDE4159E-C93A-4578-B868-52C57F1DFFDA}.Release|Any CPU.ActiveCfg = Release|Any CPU
		{DDE4159E-C93A-4578-B868-52C57F1DFFDA}.Release|Any CPU.Build.0 = Release|Any CPU
		{376FA670-CACD-453B-BCC6-553156D05036}.Debug|Any CPU.ActiveCfg = Debug|Any CPU
		{376FA670-CACD-453B-BCC6-553156D05036}.Debug|Any CPU.Build.0 = Debug|Any CPU
		{376FA670-CACD-453B-BCC6-553156D05036}.Release|Any CPU.ActiveCfg = Release|Any CPU
		{376FA670-CACD-453B-BCC6-553156D05036}.Release|Any CPU.Build.0 = Release|Any CPU
	EndGlobalSection
	GlobalSection(SolutionProperties) = preSolution
		HideSolutionNode = FALSE
	EndGlobalSection
	GlobalSection(NestedProjects) = preSolution
		{9E359AF3-A016-4472-B7A1-95A2A9A1CA5E} = {29AA3994-8998-4709-BEF2-EE2531D61495}
		{29AA3994-8998-4709-BEF2-EE2531D61495} = {A3ED8289-446B-4C8C-9788-B5859A886533}
		{9816B181-C431-481C-BAF6-18F080974961} = {A3ED8289-446B-4C8C-9788-B5859A886533}
		{B7627750-BAF8-42E0-9832-9AF2E069E2DA} = {A3ED8289-446B-4C8C-9788-B5859A886533}
		{9D77536F-7419-4A62-B687-970850CBF0AB} = {A3ED8289-446B-4C8C-9788-B5859A886533}
		{25F1077C-1658-4A36-9987-36C7473717BD} = {B7627750-BAF8-42E0-9832-9AF2E069E2DA}
		{DE3E3252-9409-47DE-9A58-D309FD25B9F1} = {9D77536F-7419-4A62-B687-970850CBF0AB}
		{FFA64584-7E96-46D0-8AAE-113889ED8D07} = {A3ED8289-446B-4C8C-9788-B5859A886533}
		{69CCBD4E-A110-4350-A7B2-5F345E15FC93} = {FFA64584-7E96-46D0-8AAE-113889ED8D07}
		{CE4BE0A7-5E4C-42FE-814C-7899CD060269} = {9816B181-C431-481C-BAF6-18F080974961}
		{A8AE4B11-7624-476F-A466-4B92F157B7BE} = {B7627750-BAF8-42E0-9832-9AF2E069E2DA}
		{BB1521DA-661B-4EDE-8EF0-AE320F8E0E0B} = {A3ED8289-446B-4C8C-9788-B5859A886533}
		{4F8BF022-A307-41F9-8AEE-E9A723377D4D} = {BB1521DA-661B-4EDE-8EF0-AE320F8E0E0B}
		{FB293042-DA3D-4686-8790-444CF57C3E08} = {4F8BF022-A307-41F9-8AEE-E9A723377D4D}
		{98C37512-386B-49FE-A2CE-51980ECE5D2A} = {4F8BF022-A307-41F9-8AEE-E9A723377D4D}
		{94219F68-18F9-4E60-9D50-AEB2F3547493} = {9D77536F-7419-4A62-B687-970850CBF0AB}
		{D48AFEF0-F74F-4D34-81F3-33A9F988DF1B} = {A3ED8289-446B-4C8C-9788-B5859A886533}
		{DDE4159E-C93A-4578-B868-52C57F1DFFDA} = {D48AFEF0-F74F-4D34-81F3-33A9F988DF1B}
		{376FA670-CACD-453B-BCC6-553156D05036} = {29AA3994-8998-4709-BEF2-EE2531D61495}
	EndGlobalSection
	GlobalSection(ExtensibilityGlobals) = postSolution
		EnterpriseLibraryConfigurationToolBinariesPathV6 = packages\EnterpriseLibrary.Common.6.0.1304.0\lib\NET45;packages\EnterpriseLibrary.ExceptionHandling.6.0.1304.0\lib\NET45
	EndGlobalSection
EndGlobal
