
Microsoft Visual Studio Solution File, Format Version 12.00
# Visual Studio 2013
VisualStudioVersion = 12.0.31101.0
MinimumVisualStudioVersion = 10.0.40219.1
Project("{2150E333-8FDC-42A3-9474-1A3956D46DE8}") = "00插件", "00插件", "{7D2F0CD7-B083-4A96-B062-3E4382CAFDA5}"
EndProject
Project("{FAE04EC0-301F-11D3-BF4B-00C04F79EFBC}") = "Lenovo.Tool", "Lenovo.Tool\Lenovo.Tool.csproj", "{39480707-8815-4C3E-9660-423949E2343B}"
EndProject
Project("{FAE04EC0-301F-11D3-BF4B-00C04F79EFBC}") = "Lenovo.CodeBuild", "Lenovo.CodeBuild\Lenovo.CodeBuild.csproj", "{5FF65B83-C3A4-4F2F-80A2-3A2209EA8B83}"
EndProject
Project("{2150E333-8FDC-42A3-9474-1A3956D46DE8}") = "01", "01", "{A20E3E90-E96A-4F11-B8F3-7E730F4FDF6A}"
EndProject
Project("{FAE04EC0-301F-11D3-BF4B-00C04F79EFBC}") = "eHealth.Date.Entity", "eHealth.Date.Entity\eHealth.Date.Entity.csproj", "{DF63B4EA-8748-489B-B5C9-5AC2E19C7CC5}"
EndProject
Project("{FAE04EC0-301F-11D3-BF4B-00C04F79EFBC}") = "eHealth.Date.DAL", "eHealth.Date.DAL\eHealth.Date.DAL.csproj", "{B1E0B8EE-7715-4AD5-907C-883AA51A43D2}"
EndProject
Project("{2150E333-8FDC-42A3-9474-1A3956D46DE8}") = "02", "02", "{3C3F1FC6-02D3-40AF-86E8-921F214F7B29}"
EndProject
Project("{FAE04EC0-301F-11D3-BF4B-00C04F79EFBC}") = "eHealth.Service", "eHealth.Service\eHealth.Service.csproj", "{83DC1A40-43E4-4F99-AF05-7A246C865465}"
EndProject
Project("{FAE04EC0-301F-11D3-BF4B-00C04F79EFBC}") = "eHealthServices.WYYY", "eHealthServices.WYYY\eHealthServices.WYYY.csproj", "{D21ABA81-F45B-4C6E-AC42-8E466072B8C2}"
EndProject
Global
	GlobalSection(SolutionConfigurationPlatforms) = preSolution
		Debug|Any CPU = Debug|Any CPU
		Release|Any CPU = Release|Any CPU
	EndGlobalSection
	GlobalSection(ProjectConfigurationPlatforms) = postSolution
		{39480707-8815-4C3E-9660-423949E2343B}.Debug|Any CPU.ActiveCfg = Debug|Any CPU
		{39480707-8815-4C3E-9660-423949E2343B}.Debug|Any CPU.Build.0 = Debug|Any CPU
		{39480707-8815-4C3E-9660-423949E2343B}.Release|Any CPU.ActiveCfg = Release|Any CPU
		{39480707-8815-4C3E-9660-423949E2343B}.Release|Any CPU.Build.0 = Release|Any CPU
		{5FF65B83-C3A4-4F2F-80A2-3A2209EA8B83}.Debug|Any CPU.ActiveCfg = Debug|Any CPU
		{5FF65B83-C3A4-4F2F-80A2-3A2209EA8B83}.Debug|Any CPU.Build.0 = Debug|Any CPU
		{5FF65B83-C3A4-4F2F-80A2-3A2209EA8B83}.Release|Any CPU.ActiveCfg = Release|Any CPU
		{5FF65B83-C3A4-4F2F-80A2-3A2209EA8B83}.Release|Any CPU.Build.0 = Release|Any CPU
		{DF63B4EA-8748-489B-B5C9-5AC2E19C7CC5}.Debug|Any CPU.ActiveCfg = Debug|Any CPU
		{DF63B4EA-8748-489B-B5C9-5AC2E19C7CC5}.Debug|Any CPU.Build.0 = Debug|Any CPU
		{DF63B4EA-8748-489B-B5C9-5AC2E19C7CC5}.Release|Any CPU.ActiveCfg = Release|Any CPU
		{DF63B4EA-8748-489B-B5C9-5AC2E19C7CC5}.Release|Any CPU.Build.0 = Release|Any CPU
		{B1E0B8EE-7715-4AD5-907C-883AA51A43D2}.Debug|Any CPU.ActiveCfg = Debug|Any CPU
		{B1E0B8EE-7715-4AD5-907C-883AA51A43D2}.Debug|Any CPU.Build.0 = Debug|Any CPU
		{B1E0B8EE-7715-4AD5-907C-883AA51A43D2}.Release|Any CPU.ActiveCfg = Release|Any CPU
		{B1E0B8EE-7715-4AD5-907C-883AA51A43D2}.Release|Any CPU.Build.0 = Release|Any CPU
		{83DC1A40-43E4-4F99-AF05-7A246C865465}.Debug|Any CPU.ActiveCfg = Debug|Any CPU
		{83DC1A40-43E4-4F99-AF05-7A246C865465}.Debug|Any CPU.Build.0 = Debug|Any CPU
		{83DC1A40-43E4-4F99-AF05-7A246C865465}.Release|Any CPU.ActiveCfg = Release|Any CPU
		{83DC1A40-43E4-4F99-AF05-7A246C865465}.Release|Any CPU.Build.0 = Release|Any CPU
		{D21ABA81-F45B-4C6E-AC42-8E466072B8C2}.Debug|Any CPU.ActiveCfg = Debug|Any CPU
		{D21ABA81-F45B-4C6E-AC42-8E466072B8C2}.Debug|Any CPU.Build.0 = Debug|Any CPU
		{D21ABA81-F45B-4C6E-AC42-8E466072B8C2}.Release|Any CPU.ActiveCfg = Release|Any CPU
		{D21ABA81-F45B-4C6E-AC42-8E466072B8C2}.Release|Any CPU.Build.0 = Release|Any CPU
	EndGlobalSection
	GlobalSection(SolutionProperties) = preSolution
		HideSolutionNode = FALSE
	EndGlobalSection
	GlobalSection(NestedProjects) = preSolution
		{39480707-8815-4C3E-9660-423949E2343B} = {7D2F0CD7-B083-4A96-B062-3E4382CAFDA5}
		{5FF65B83-C3A4-4F2F-80A2-3A2209EA8B83} = {7D2F0CD7-B083-4A96-B062-3E4382CAFDA5}
		{DF63B4EA-8748-489B-B5C9-5AC2E19C7CC5} = {A20E3E90-E96A-4F11-B8F3-7E730F4FDF6A}
		{B1E0B8EE-7715-4AD5-907C-883AA51A43D2} = {A20E3E90-E96A-4F11-B8F3-7E730F4FDF6A}
		{83DC1A40-43E4-4F99-AF05-7A246C865465} = {3C3F1FC6-02D3-40AF-86E8-921F214F7B29}
	EndGlobalSection
EndGlobal
